// !$*UTF8*$!
{
	archiveVersion = 1;
	classes = {
	};
	objectVersion = 56;
	objects = {

/* Begin PBXBuildFile section */
		F59B9FE32BE041630014BA53 /* CatalystApp.swift in Sources */ = {isa = PBXBuildFile; fileRef = F59B9FE22BE041630014BA53 /* CatalystApp.swift */; };
		F59B9FE52BE041630014BA53 /* ContentView.swift in Sources */ = {isa = PBXBuildFile; fileRef = F59B9FE42BE041630014BA53 /* ContentView.swift */; };
		F59B9FE72BE041640014BA53 /* Assets.xcassets in Resources */ = {isa = PBXBuildFile; fileRef = F59B9FE62BE041640014BA53 /* Assets.xcassets */; };
		F59B9FEB2BE041640014BA53 /* Preview Assets.xcassets in Resources */ = {isa = PBXBuildFile; fileRef = F59B9FEA2BE041640014BA53 /* Preview Assets.xcassets */; };
		F59B9FF52BE041650014BA53 /* CatalystTests.swift in Sources */ = {isa = PBXBuildFile; fileRef = F59B9FF42BE041650014BA53 /* CatalystTests.swift */; };
		F59B9FFF2BE041650014BA53 /* CatalystUITests.swift in Sources */ = {isa = PBXBuildFile; fileRef = F59B9FFE2BE041650014BA53 /* CatalystUITests.swift */; };
		F59BA0012BE041650014BA53 /* CatalystUITestsLaunchTests.swift in Sources */ = {isa = PBXBuildFile; fileRef = F59BA0002BE041650014BA53 /* CatalystUITestsLaunchTests.swift */; };
/* End PBXBuildFile section */

/* Begin PBXContainerItemProxy section */
		F59B9FF12BE041650014BA53 /* PBXContainerItemProxy */ = {
			isa = PBXContainerItemProxy;
			containerPortal = F59B9FD72BE041630014BA53 /* Project object */;
			proxyType = 1;
			remoteGlobalIDString = F59B9FDE2BE041630014BA53;
			remoteInfo = Catalyst;
		};
		F59B9FFB2BE041650014BA53 /* PBXContainerItemProxy */ = {
			isa = PBXContainerItemProxy;
			containerPortal = F59B9FD72BE041630014BA53 /* Project object */;
			proxyType = 1;
			remoteGlobalIDString = F59B9FDE2BE041630014BA53;
			remoteInfo = Catalyst;
		};
/* End PBXContainerItemProxy section */

/* Begin PBXFileReference section */
		F59B9FDF2BE041630014BA53 /* Catalyst.app */ = {isa = PBXFileReference; explicitFileType = wrapper.application; includeInIndex = 0; path = Catalyst.app; sourceTree = BUILT_PRODUCTS_DIR; };
		F59B9FE22BE041630014BA53 /* CatalystApp.swift */ = {isa = PBXFileReference; lastKnownFileType = sourcecode.swift; path = CatalystApp.swift; sourceTree = "<group>"; };
		F59B9FE42BE041630014BA53 /* ContentView.swift */ = {isa = PBXFileReference; lastKnownFileType = sourcecode.swift; path = ContentView.swift; sourceTree = "<group>"; };
		F59B9FE62BE041640014BA53 /* Assets.xcassets */ = {isa = PBXFileReference; lastKnownFileType = folder.assetcatalog; path = Assets.xcassets; sourceTree = "<group>"; };
		F59B9FE82BE041640014BA53 /* Catalyst.entitlements */ = {isa = PBXFileReference; lastKnownFileType = text.plist.entitlements; path = Catalyst.entitlements; sourceTree = "<group>"; };
		F59B9FEA2BE041640014BA53 /* Preview Assets.xcassets */ = {isa = PBXFileReference; lastKnownFileType = folder.assetcatalog; path = "Preview Assets.xcassets"; sourceTree = "<group>"; };
		F59B9FF02BE041650014BA53 /* CatalystTests.xctest */ = {isa = PBXFileReference; explicitFileType = wrapper.cfbundle; includeInIndex = 0; path = CatalystTests.xctest; sourceTree = BUILT_PRODUCTS_DIR; };
		F59B9FF42BE041650014BA53 /* CatalystTests.swift */ = {isa = PBXFileReference; lastKnownFileType = sourcecode.swift; path = CatalystTests.swift; sourceTree = "<group>"; };
		F59B9FFA2BE041650014BA53 /* CatalystUITests.xctest */ = {isa = PBXFileReference; explicitFileType = wrapper.cfbundle; includeInIndex = 0; path = CatalystUITests.xctest; sourceTree = BUILT_PRODUCTS_DIR; };
		F59B9FFE2BE041650014BA53 /* CatalystUITests.swift */ = {isa = PBXFileReference; lastKnownFileType = sourcecode.swift; path = CatalystUITests.swift; sourceTree = "<group>"; };
		F59BA0002BE041650014BA53 /* CatalystUITestsLaunchTests.swift */ = {isa = PBXFileReference; lastKnownFileType = sourcecode.swift; path = CatalystUITestsLaunchTests.swift; sourceTree = "<group>"; };
/* End PBXFileReference section */

/* Begin PBXFrameworksBuildPhase section */
		F59B9FDC2BE041630014BA53 /* Frameworks */ = {
			isa = PBXFrameworksBuildPhase;
			buildActionMask = 2147483647;
			files = (
			);
			runOnlyForDeploymentPostprocessing = 0;
		};
		F59B9FED2BE041650014BA53 /* Frameworks */ = {
			isa = PBXFrameworksBuildPhase;
			buildActionMask = 2147483647;
			files = (
			);
			runOnlyForDeploymentPostprocessing = 0;
		};
		F59B9FF72BE041650014BA53 /* Frameworks */ = {
			isa = PBXFrameworksBuildPhase;
			buildActionMask = 2147483647;
			files = (
			);
			runOnlyForDeploymentPostprocessing = 0;
		};
/* End PBXFrameworksBuildPhase section */

/* Begin PBXGroup section */
		F59B9FD62BE041630014BA53 = {
			isa = PBXGroup;
			children = (
				F59B9FE12BE041630014BA53 /* Catalyst */,
				F59B9FF32BE041650014BA53 /* CatalystTests */,
				F59B9FFD2BE041650014BA53 /* CatalystUITests */,
				F59B9FE02BE041630014BA53 /* Products */,
			);
			sourceTree = "<group>";
		};
		F59B9FE02BE041630014BA53 /* Products */ = {
			isa = PBXGroup;
			children = (
				F59B9FDF2BE041630014BA53 /* Catalyst.app */,
				F59B9FF02BE041650014BA53 /* CatalystTests.xctest */,
				F59B9FFA2BE041650014BA53 /* CatalystUITests.xctest */,
			);
			name = Products;
			sourceTree = "<group>";
		};
		F59B9FE12BE041630014BA53 /* Catalyst */ = {
			isa = PBXGroup;
			children = (
				F59B9FE22BE041630014BA53 /* CatalystApp.swift */,
				F59B9FE42BE041630014BA53 /* ContentView.swift */,
				F59B9FE62BE041640014BA53 /* Assets.xcassets */,
				F59B9FE82BE041640014BA53 /* Catalyst.entitlements */,
				F59B9FE92BE041640014BA53 /* Preview Content */,
			);
			path = Catalyst;
			sourceTree = "<group>";
		};
		F59B9FE92BE041640014BA53 /* Preview Content */ = {
			isa = PBXGroup;
			children = (
				F59B9FEA2BE041640014BA53 /* Preview Assets.xcassets */,
			);
			path = "Preview Content";
			sourceTree = "<group>";
		};
		F59B9FF32BE041650014BA53 /* CatalystTests */ = {
			isa = PBXGroup;
			children = (
				F59B9FF42BE041650014BA53 /* CatalystTests.swift */,
			);
			path = CatalystTests;
			sourceTree = "<group>";
		};
		F59B9FFD2BE041650014BA53 /* CatalystUITests */ = {
			isa = PBXGroup;
			children = (
				F59B9FFE2BE041650014BA53 /* CatalystUITests.swift */,
				F59BA0002BE041650014BA53 /* CatalystUITestsLaunchTests.swift */,
			);
			path = CatalystUITests;
			sourceTree = "<group>";
		};
/* End PBXGroup section */

/* Begin PBXNativeTarget section */
		F59B9FDE2BE041630014BA53 /* Catalyst */ = {
			isa = PBXNativeTarget;
			buildConfigurationList = F59BA0042BE041650014BA53 /* Build configuration list for PBXNativeTarget "Catalyst" */;
			buildPhases = (
				F59B9FDB2BE041630014BA53 /* Sources */,
				F59B9FDC2BE041630014BA53 /* Frameworks */,
				F59B9FDD2BE041630014BA53 /* Resources */,
			);
			buildRules = (
			);
			dependencies = (
			);
			name = Catalyst;
			productName = Catalyst;
			productReference = F59B9FDF2BE041630014BA53 /* Catalyst.app */;
			productType = "com.apple.product-type.application";
		};
		F59B9FEF2BE041650014BA53 /* CatalystTests */ = {
			isa = PBXNativeTarget;
			buildConfigurationList = F59BA0072BE041650014BA53 /* Build configuration list for PBXNativeTarget "CatalystTests" */;
			buildPhases = (
				F59B9FEC2BE041650014BA53 /* Sources */,
				F59B9FED2BE041650014BA53 /* Frameworks */,
				F59B9FEE2BE041650014BA53 /* Resources */,
			);
			buildRules = (
			);
			dependencies = (
				F59B9FF22BE041650014BA53 /* PBXTargetDependency */,
			);
			name = CatalystTests;
			productName = CatalystTests;
			productReference = F59B9FF02BE041650014BA53 /* CatalystTests.xctest */;
			productType = "com.apple.product-type.bundle.unit-test";
		};
		F59B9FF92BE041650014BA53 /* CatalystUITests */ = {
			isa = PBXNativeTarget;
			buildConfigurationList = F59BA00A2BE041650014BA53 /* Build configuration list for PBXNativeTarget "CatalystUITests" */;
			buildPhases = (
				F59B9FF62BE041650014BA53 /* Sources */,
				F59B9FF72BE041650014BA53 /* Frameworks */,
				F59B9FF82BE041650014BA53 /* Resources */,
			);
			buildRules = (
			);
			dependencies = (
				F59B9FFC2BE041650014BA53 /* PBXTargetDependency */,
			);
			name = CatalystUITests;
			productName = CatalystUITests;
			productReference = F59B9FFA2BE041650014BA53 /* CatalystUITests.xctest */;
			productType = "com.apple.product-type.bundle.ui-testing";
		};
/* End PBXNativeTarget section */

/* Begin PBXProject section */
		F59B9FD72BE041630014BA53 /* Project object */ = {
			isa = PBXProject;
			attributes = {
				BuildIndependentTargetsInParallel = 1;
				LastSwiftUpdateCheck = 1530;
				LastUpgradeCheck = 1530;
				TargetAttributes = {
					F59B9FDE2BE041630014BA53 = {
						CreatedOnToolsVersion = 15.3;
					};
					F59B9FEF2BE041650014BA53 = {
						CreatedOnToolsVersion = 15.3;
						TestTargetID = F59B9FDE2BE041630014BA53;
					};
					F59B9FF92BE041650014BA53 = {
						CreatedOnToolsVersion = 15.3;
						TestTargetID = F59B9FDE2BE041630014BA53;
					};
				};
			};
			buildConfigurationList = F59B9FDA2BE041630014BA53 /* Build configuration list for PBXProject "Catalyst" */;
			compatibilityVersion = "Xcode 14.0";
			developmentRegion = en;
			hasScannedForEncodings = 0;
			knownRegions = (
				en,
				Base,
			);
			mainGroup = F59B9FD62BE041630014BA53;
			productRefGroup = F59B9FE02BE041630014BA53 /* Products */;
			projectDirPath = "";
			projectRoot = "";
			targets = (
				F59B9FDE2BE041630014BA53 /* Catalyst */,
				F59B9FEF2BE041650014BA53 /* CatalystTests */,
				F59B9FF92BE041650014BA53 /* CatalystUITests */,
			);
		};
/* End PBXProject section */

/* Begin PBXResourcesBuildPhase section */
		F59B9FDD2BE041630014BA53 /* Resources */ = {
			isa = PBXResourcesBuildPhase;
			buildActionMask = 2147483647;
			files = (
				F59B9FEB2BE041640014BA53 /* Preview Assets.xcassets in Resources */,
				F59B9FE72BE041640014BA53 /* Assets.xcassets in Resources */,
			);
			runOnlyForDeploymentPostprocessing = 0;
		};
		F59B9FEE2BE041650014BA53 /* Resources */ = {
			isa = PBXResourcesBuildPhase;
			buildActionMask = 2147483647;
			files = (
			);
			runOnlyForDeploymentPostprocessing = 0;
		};
		F59B9FF82BE041650014BA53 /* Resources */ = {
			isa = PBXResourcesBuildPhase;
			buildActionMask = 2147483647;
			files = (
			);
			runOnlyForDeploymentPostprocessing = 0;
		};
/* End PBXResourcesBuildPhase section */

/* Begin PBXSourcesBuildPhase section */
		F59B9FDB2BE041630014BA53 /* Sources */ = {
			isa = PBXSourcesBuildPhase;
			buildActionMask = 2147483647;
			files = (
				F59B9FE52BE041630014BA53 /* ContentView.swift in Sources */,
				F59B9FE32BE041630014BA53 /* CatalystApp.swift in Sources */,
			);
			runOnlyForDeploymentPostprocessing = 0;
		};
		F59B9FEC2BE041650014BA53 /* Sources */ = {
			isa = PBXSourcesBuildPhase;
			buildActionMask = 2147483647;
			files = (
				F59B9FF52BE041650014BA53 /* CatalystTests.swift in Sources */,
			);
			runOnlyForDeploymentPostprocessing = 0;
		};
		F59B9FF62BE041650014BA53 /* Sources */ = {
			isa = PBXSourcesBuildPhase;
			buildActionMask = 2147483647;
			files = (
				F59BA0012BE041650014BA53 /* CatalystUITestsLaunchTests.swift in Sources */,
				F59B9FFF2BE041650014BA53 /* CatalystUITests.swift in Sources */,
			);
			runOnlyForDeploymentPostprocessing = 0;
		};
/* End PBXSourcesBuildPhase section */

/* Begin PBXTargetDependency section */
		F59B9FF22BE041650014BA53 /* PBXTargetDependency */ = {
			isa = PBXTargetDependency;
			target = F59B9FDE2BE041630014BA53 /* Catalyst */;
			targetProxy = F59B9FF12BE041650014BA53 /* PBXContainerItemProxy */;
		};
		F59B9FFC2BE041650014BA53 /* PBXTargetDependency */ = {
			isa = PBXTargetDependency;
			target = F59B9FDE2BE041630014BA53 /* Catalyst */;
			targetProxy = F59B9FFB2BE041650014BA53 /* PBXContainerItemProxy */;
		};
/* End PBXTargetDependency section */

/* Begin XCBuildConfiguration section */
		F59BA0022BE041650014BA53 /* Debug */ = {
			isa = XCBuildConfiguration;
			buildSettings = {
				ALWAYS_SEARCH_USER_PATHS = NO;
				ASSETCATALOG_COMPILER_GENERATE_SWIFT_ASSET_SYMBOL_EXTENSIONS = YES;
				CLANG_ANALYZER_NONNULL = YES;
				CLANG_ANALYZER_NUMBER_OBJECT_CONVERSION = YES_AGGRESSIVE;
				CLANG_CXX_LANGUAGE_STANDARD = "gnu++20";
				CLANG_ENABLE_MODULES = YES;
				CLANG_ENABLE_OBJC_ARC = YES;
				CLANG_ENABLE_OBJC_WEAK = YES;
				CLANG_WARN_BLOCK_CAPTURE_AUTORELEASING = YES;
				CLANG_WARN_BOOL_CONVERSION = YES;
				CLANG_WARN_COMMA = YES;
				CLANG_WARN_CONSTANT_CONVERSION = YES;
				CLANG_WARN_DEPRECATED_OBJC_IMPLEMENTATIONS = YES;
				CLANG_WARN_DIRECT_OBJC_ISA_USAGE = YES_ERROR;
				CLANG_WARN_DOCUMENTATION_COMMENTS = YES;
				CLANG_WARN_EMPTY_BODY = YES;
				CLANG_WARN_ENUM_CONVERSION = YES;
				CLANG_WARN_INFINITE_RECURSION = YES;
				CLANG_WARN_INT_CONVERSION = YES;
				CLANG_WARN_NON_LITERAL_NULL_CONVERSION = YES;
				CLANG_WARN_OBJC_IMPLICIT_RETAIN_SELF = YES;
				CLANG_WARN_OBJC_LITERAL_CONVERSION = YES;
				CLANG_WARN_OBJC_ROOT_CLASS = YES_ERROR;
				CLANG_WARN_QUOTED_INCLUDE_IN_FRAMEWORK_HEADER = YES;
				CLANG_WARN_RANGE_LOOP_ANALYSIS = YES;
				CLANG_WARN_STRICT_PROTOTYPES = YES;
				CLANG_WARN_SUSPICIOUS_MOVE = YES;
				CLANG_WARN_UNGUARDED_AVAILABILITY = YES_AGGRESSIVE;
				CLANG_WARN_UNREACHABLE_CODE = YES;
				CLANG_WARN__DUPLICATE_METHOD_MATCH = YES;
				COPY_PHASE_STRIP = NO;
				DEBUG_INFORMATION_FORMAT = dwarf;
				ENABLE_STRICT_OBJC_MSGSEND = YES;
				ENABLE_TESTABILITY = YES;
				ENABLE_USER_SCRIPT_SANDBOXING = YES;
				GCC_C_LANGUAGE_STANDARD = gnu17;
				GCC_DYNAMIC_NO_PIC = NO;
				GCC_NO_COMMON_BLOCKS = YES;
				GCC_OPTIMIZATION_LEVEL = 0;
				GCC_PREPROCESSOR_DEFINITIONS = (
					"DEBUG=1",
					"$(inherited)",
				);
				GCC_WARN_64_TO_32_BIT_CONVERSION = YES;
				GCC_WARN_ABOUT_RETURN_TYPE = YES_ERROR;
				GCC_WARN_UNDECLARED_SELECTOR = YES;
				GCC_WARN_UNINITIALIZED_AUTOS = YES_AGGRESSIVE;
				GCC_WARN_UNUSED_FUNCTION = YES;
				GCC_WARN_UNUSED_VARIABLE = YES;
				LOCALIZATION_PREFERS_STRING_CATALOGS = YES;
				MTL_ENABLE_DEBUG_INFO = INCLUDE_SOURCE;
				MTL_FAST_MATH = YES;
				ONLY_ACTIVE_ARCH = YES;
				SWIFT_ACTIVE_COMPILATION_CONDITIONS = "DEBUG $(inherited)";
				SWIFT_OPTIMIZATION_LEVEL = "-Onone";
			};
			name = Debug;
		};
		F59BA0032BE041650014BA53 /* Release */ = {
			isa = XCBuildConfiguration;
			buildSettings = {
				ALWAYS_SEARCH_USER_PATHS = NO;
				ASSETCATALOG_COMPILER_GENERATE_SWIFT_ASSET_SYMBOL_EXTENSIONS = YES;
				CLANG_ANALYZER_NONNULL = YES;
				CLANG_ANALYZER_NUMBER_OBJECT_CONVERSION = YES_AGGRESSIVE;
				CLANG_CXX_LANGUAGE_STANDARD = "gnu++20";
				CLANG_ENABLE_MODULES = YES;
				CLANG_ENABLE_OBJC_ARC = YES;
				CLANG_ENABLE_OBJC_WEAK = YES;
				CLANG_WARN_BLOCK_CAPTURE_AUTORELEASING = YES;
				CLANG_WARN_BOOL_CONVERSION = YES;
				CLANG_WARN_COMMA = YES;
				CLANG_WARN_CONSTANT_CONVERSION = YES;
				CLANG_WARN_DEPRECATED_OBJC_IMPLEMENTATIONS = YES;
				CLANG_WARN_DIRECT_OBJC_ISA_USAGE = YES_ERROR;
				CLANG_WARN_DOCUMENTATION_COMMENTS = YES;
				CLANG_WARN_EMPTY_BODY = YES;
				CLANG_WARN_ENUM_CONVERSION = YES;
				CLANG_WARN_INFINITE_RECURSION = YES;
				CLANG_WARN_INT_CONVERSION = YES;
				CLANG_WARN_NON_LITERAL_NULL_CONVERSION = YES;
				CLANG_WARN_OBJC_IMPLICIT_RETAIN_SELF = YES;
				CLANG_WARN_OBJC_LITERAL_CONVERSION = YES;
				CLANG_WARN_OBJC_ROOT_CLASS = YES_ERROR;
				CLANG_WARN_QUOTED_INCLUDE_IN_FRAMEWORK_HEADER = YES;
				CLANG_WARN_RANGE_LOOP_ANALYSIS = YES;
				CLANG_WARN_STRICT_PROTOTYPES = YES;
				CLANG_WARN_SUSPICIOUS_MOVE = YES;
				CLANG_WARN_UNGUARDED_AVAILABILITY = YES_AGGRESSIVE;
				CLANG_WARN_UNREACHABLE_CODE = YES;
				CLANG_WARN__DUPLICATE_METHOD_MATCH = YES;
				COPY_PHASE_STRIP = NO;
				DEBUG_INFORMATION_FORMAT = "dwarf-with-dsym";
				ENABLE_NS_ASSERTIONS = NO;
				ENABLE_STRICT_OBJC_MSGSEND = YES;
				ENABLE_USER_SCRIPT_SANDBOXING = YES;
				GCC_C_LANGUAGE_STANDARD = gnu17;
				GCC_NO_COMMON_BLOCKS = YES;
				GCC_WARN_64_TO_32_BIT_CONVERSION = YES;
				GCC_WARN_ABOUT_RETURN_TYPE = YES_ERROR;
				GCC_WARN_UNDECLARED_SELECTOR = YES;
				GCC_WARN_UNINITIALIZED_AUTOS = YES_AGGRESSIVE;
				GCC_WARN_UNUSED_FUNCTION = YES;
				GCC_WARN_UNUSED_VARIABLE = YES;
				LOCALIZATION_PREFERS_STRING_CATALOGS = YES;
				MTL_ENABLE_DEBUG_INFO = NO;
				MTL_FAST_MATH = YES;
				SWIFT_COMPILATION_MODE = wholemodule;
			};
			name = Release;
		};
		F59BA0052BE041650014BA53 /* Debug */ = {
			isa = XCBuildConfiguration;
			buildSettings = {
				ASSETCATALOG_COMPILER_APPICON_NAME = AppIcon;
				ASSETCATALOG_COMPILER_GLOBAL_ACCENT_COLOR_NAME = AccentColor;
				CODE_SIGN_ENTITLEMENTS = Catalyst/Catalyst.entitlements;
				CODE_SIGN_STYLE = Automatic;
				CURRENT_PROJECT_VERSION = 1;
				DEVELOPMENT_ASSET_PATHS = "\"Catalyst/Preview Content\"";
				ENABLE_PREVIEWS = YES;
				GENERATE_INFOPLIST_FILE = YES;
				"INFOPLIST_KEY_UIApplicationSceneManifest_Generation[sdk=iphoneos*]" = YES;
				"INFOPLIST_KEY_UIApplicationSceneManifest_Generation[sdk=iphonesimulator*]" = YES;
				"INFOPLIST_KEY_UIApplicationSupportsIndirectInputEvents[sdk=iphoneos*]" = YES;
				"INFOPLIST_KEY_UIApplicationSupportsIndirectInputEvents[sdk=iphonesimulator*]" = YES;
				"INFOPLIST_KEY_UILaunchScreen_Generation[sdk=iphoneos*]" = YES;
				"INFOPLIST_KEY_UILaunchScreen_Generation[sdk=iphonesimulator*]" = YES;
				"INFOPLIST_KEY_UIStatusBarStyle[sdk=iphoneos*]" = UIStatusBarStyleDefault;
				"INFOPLIST_KEY_UIStatusBarStyle[sdk=iphonesimulator*]" = UIStatusBarStyleDefault;
				INFOPLIST_KEY_UISupportedInterfaceOrientations_iPad = "UIInterfaceOrientationPortrait UIInterfaceOrientationPortraitUpsideDown UIInterfaceOrientationLandscapeLeft UIInterfaceOrientationLandscapeRight";
				INFOPLIST_KEY_UISupportedInterfaceOrientations_iPhone = "UIInterfaceOrientationPortrait UIInterfaceOrientationLandscapeLeft UIInterfaceOrientationLandscapeRight";
				IPHONEOS_DEPLOYMENT_TARGET = 17.4;
				LD_RUNPATH_SEARCH_PATHS = "@executable_path/Frameworks";
				"LD_RUNPATH_SEARCH_PATHS[sdk=macosx*]" = "@executable_path/../Frameworks";
				MACOSX_DEPLOYMENT_TARGET = 14.4;
				MARKETING_VERSION = 1.0;
				PRODUCT_BUNDLE_IDENTIFIER = catalyst.Catalyst;
				PRODUCT_NAME = "$(TARGET_NAME)";
				SDKROOT = auto;
				SUPPORTED_PLATFORMS = "iphoneos iphonesimulator macosx";
				SWIFT_EMIT_LOC_STRINGS = YES;
				SWIFT_VERSION = 5.0;
				TARGETED_DEVICE_FAMILY = "1,2";
			};
			name = Debug;
		};
		F59BA0062BE041650014BA53 /* Release */ = {
			isa = XCBuildConfiguration;
			buildSettings = {
				ASSETCATALOG_COMPILER_APPICON_NAME = AppIcon;
				ASSETCATALOG_COMPILER_GLOBAL_ACCENT_COLOR_NAME = AccentColor;
				CODE_SIGN_ENTITLEMENTS = Catalyst/Catalyst.entitlements;
				CODE_SIGN_STYLE = Automatic;
				CURRENT_PROJECT_VERSION = 1;
				DEVELOPMENT_ASSET_PATHS = "\"Catalyst/Preview Content\"";
				ENABLE_PREVIEWS = YES;
				GENERATE_INFOPLIST_FILE = YES;
				"INFOPLIST_KEY_UIApplicationSceneManifest_Generation[sdk=iphoneos*]" = YES;
				"INFOPLIST_KEY_UIApplicationSceneManifest_Generation[sdk=iphonesimulator*]" = YES;
				"INFOPLIST_KEY_UIApplicationSupportsIndirectInputEvents[sdk=iphoneos*]" = YES;
				"INFOPLIST_KEY_UIApplicationSupportsIndirectInputEvents[sdk=iphonesimulator*]" = YES;
				"INFOPLIST_KEY_UILaunchScreen_Generation[sdk=iphoneos*]" = YES;
				"INFOPLIST_KEY_UILaunchScreen_Generation[sdk=iphonesimulator*]" = YES;
				"INFOPLIST_KEY_UIStatusBarStyle[sdk=iphoneos*]" = UIStatusBarStyleDefault;
				"INFOPLIST_KEY_UIStatusBarStyle[sdk=iphonesimulator*]" = UIStatusBarStyleDefault;
				INFOPLIST_KEY_UISupportedInterfaceOrientations_iPad = "UIInterfaceOrientationPortrait UIInterfaceOrientationPortraitUpsideDown UIInterfaceOrientationLandscapeLeft UIInterfaceOrientationLandscapeRight";
				INFOPLIST_KEY_UISupportedInterfaceOrientations_iPhone = "UIInterfaceOrientationPortrait UIInterfaceOrientationLandscapeLeft UIInterfaceOrientationLandscapeRight";
				IPHONEOS_DEPLOYMENT_TARGET = 17.4;
				LD_RUNPATH_SEARCH_PATHS = "@executable_path/Frameworks";
				"LD_RUNPATH_SEARCH_PATHS[sdk=macosx*]" = "@executable_path/../Frameworks";
				MACOSX_DEPLOYMENT_TARGET = 14.4;
				MARKETING_VERSION = 1.0;
				PRODUCT_BUNDLE_IDENTIFIER = catalyst.Catalyst;
				PRODUCT_NAME = "$(TARGET_NAME)";
				SDKROOT = auto;
				SUPPORTED_PLATFORMS = "iphoneos iphonesimulator macosx";
				SWIFT_EMIT_LOC_STRINGS = YES;
				SWIFT_VERSION = 5.0;
				TARGETED_DEVICE_FAMILY = "1,2";
			};
			name = Release;
		};
		F59BA0082BE041650014BA53 /* Debug */ = {
			isa = XCBuildConfiguration;
			buildSettings = {
				ALWAYS_EMBED_SWIFT_STANDARD_LIBRARIES = YES;
				BUNDLE_LOADER = "$(TEST_HOST)";
				CODE_SIGN_STYLE = Automatic;
				CURRENT_PROJECT_VERSION = 1;
				GENERATE_INFOPLIST_FILE = YES;
				IPHONEOS_DEPLOYMENT_TARGET = 17.4;
				MACOSX_DEPLOYMENT_TARGET = 14.4;
				MARKETING_VERSION = 1.0;
				PRODUCT_BUNDLE_IDENTIFIER = catalyst.CatalystTests;
				PRODUCT_NAME = "$(TARGET_NAME)";
				SDKROOT = auto;
				SUPPORTED_PLATFORMS = "iphoneos iphonesimulator macosx";
				SWIFT_EMIT_LOC_STRINGS = NO;
				SWIFT_VERSION = 5.0;
				TARGETED_DEVICE_FAMILY = "1,2";
				TEST_HOST = "$(BUILT_PRODUCTS_DIR)/Catalyst.app/$(BUNDLE_EXECUTABLE_FOLDER_PATH)/Catalyst";
			};
			name = Debug;
		};
		F59BA0092BE041650014BA53 /* Release */ = {
			isa = XCBuildConfiguration;
			buildSettings = {
				ALWAYS_EMBED_SWIFT_STANDARD_LIBRARIES = YES;
				BUNDLE_LOADER = "$(TEST_HOST)";
				CODE_SIGN_STYLE = Automatic;
				CURRENT_PROJECT_VERSION = 1;
				GENERATE_INFOPLIST_FILE = YES;
				IPHONEOS_DEPLOYMENT_TARGET = 17.4;
				MACOSX_DEPLOYMENT_TARGET = 14.4;
				MARKETING_VERSION = 1.0;
				PRODUCT_BUNDLE_IDENTIFIER = catalyst.CatalystTests;
				PRODUCT_NAME = "$(TARGET_NAME)";
				SDKROOT = auto;
				SUPPORTED_PLATFORMS = "iphoneos iphonesimulator macosx";
				SWIFT_EMIT_LOC_STRINGS = NO;
				SWIFT_VERSION = 5.0;
				TARGETED_DEVICE_FAMILY = "1,2";
				TEST_HOST = "$(BUILT_PRODUCTS_DIR)/Catalyst.app/$(BUNDLE_EXECUTABLE_FOLDER_PATH)/Catalyst";
			};
			name = Release;
		};
		F59BA00B2BE041650014BA53 /* Debug */ = {
			isa = XCBuildConfiguration;
			buildSettings = {
				ALWAYS_EMBED_SWIFT_STANDARD_LIBRARIES = YES;
				CODE_SIGN_STYLE = Automatic;
				CURRENT_PROJECT_VERSION = 1;
				GENERATE_INFOPLIST_FILE = YES;
				IPHONEOS_DEPLOYMENT_TARGET = 17.4;
				MACOSX_DEPLOYMENT_TARGET = 14.4;
				MARKETING_VERSION = 1.0;
				PRODUCT_BUNDLE_IDENTIFIER = catalyst.CatalystUITests;
				PRODUCT_NAME = "$(TARGET_NAME)";
				SDKROOT = auto;
				SUPPORTED_PLATFORMS = "iphoneos iphonesimulator macosx";
				SWIFT_EMIT_LOC_STRINGS = NO;
				SWIFT_VERSION = 5.0;
				TARGETED_DEVICE_FAMILY = "1,2";
				TEST_TARGET_NAME = Catalyst;
			};
			name = Debug;
		};
		F59BA00C2BE041650014BA53 /* Release */ = {
			isa = XCBuildConfiguration;
			buildSettings = {
				ALWAYS_EMBED_SWIFT_STANDARD_LIBRARIES = YES;
				CODE_SIGN_STYLE = Automatic;
				CURRENT_PROJECT_VERSION = 1;
				GENERATE_INFOPLIST_FILE = YES;
				IPHONEOS_DEPLOYMENT_TARGET = 17.4;
				MACOSX_DEPLOYMENT_TARGET = 14.4;
				MARKETING_VERSION = 1.0;
				PRODUCT_BUNDLE_IDENTIFIER = catalyst.CatalystUITests;
				PRODUCT_NAME = "$(TARGET_NAME)";
				SDKROOT = auto;
				SUPPORTED_PLATFORMS = "iphoneos iphonesimulator macosx";
				SWIFT_EMIT_LOC_STRINGS = NO;
				SWIFT_VERSION = 5.0;
				TARGETED_DEVICE_FAMILY = "1,2";
				TEST_TARGET_NAME = Catalyst;
			};
			name = Release;
		};
/* End XCBuildConfiguration section */

/* Begin XCConfigurationList section */
		F59B9FDA2BE041630014BA53 /* Build configuration list for PBXProject "Catalyst" */ = {
			isa = XCConfigurationList;
			buildConfigurations = (
				F59BA0022BE041650014BA53 /* Debug */,
				F59BA0032BE041650014BA53 /* Release */,
			);
			defaultConfigurationIsVisible = 0;
			defaultConfigurationName = Release;
		};
		F59BA0042BE041650014BA53 /* Build configuration list for PBXNativeTarget "Catalyst" */ = {
			isa = XCConfigurationList;
			buildConfigurations = (
				F59BA0052BE041650014BA53 /* Debug */,
				F59BA0062BE041650014BA53 /* Release */,
			);
			defaultConfigurationIsVisible = 0;
			defaultConfigurationName = Release;
		};
		F59BA0072BE041650014BA53 /* Build configuration list for PBXNativeTarget "CatalystTests" */ = {
			isa = XCConfigurationList;
			buildConfigurations = (
				F59BA0082BE041650014BA53 /* Debug */,
				F59BA0092BE041650014BA53 /* Release */,
			);
			defaultConfigurationIsVisible = 0;
			defaultConfigurationName = Release;
		};
		F59BA00A2BE041650014BA53 /* Build configuration list for PBXNativeTarget "CatalystUITests" */ = {
			isa = XCConfigurationList;
			buildConfigurations = (
				F59BA00B2BE041650014BA53 /* Debug */,
				F59BA00C2BE041650014BA53 /* Release */,
			);
			defaultConfigurationIsVisible = 0;
			defaultConfigurationName = Release;
		};
/* End XCConfigurationList section */
	};
	rootObject = F59B9FD72BE041630014BA53 /* Project object */;
}
